<?xml version="1.0" encoding="utf-8"?>
<Project ToolsVersion="4.0" xmlns="http://schemas.microsoft.com/developer/msbuild/2003">
  <ItemGroup>
    <ClCompile Include="RestructedLogic_ARM32_.cpp" />
    <ClCompile Include="memUtils.cpp" />
    <ClCompile Include="x32\jni\libs\KittyMemory\MemoryPatch.cpp">
      <Filter>x32\jni\libs\KittyMemory</Filter>
    </ClCompile>
    <ClCompile Include="x32\jni\libs\KittyMemory\KittyMemory.cpp">
      <Filter>x32\jni\libs\KittyMemory</Filter>
    </ClCompile>
    <ClCompile Include="x32\jni\libs\GlossHook\Gloss.cpp">
      <Filter>x32\jni\libs\GlossHook</Filter>
    </ClCompile>
    <ClCompile Include="x32\jni\libs\Substrate\SubstrateDebug.cpp">
      <Filter>x32\jni\libs\Substrate</Filter>
    </ClCompile>
    <ClCompile Include="x32\jni\libs\Substrate\SubstrateHook.cpp">
      <Filter>x32\jni\libs\Substrate</Filter>
    </ClCompile>
    <ClCompile Include="x32\jni\libs\Substrate\SubstratePosixMemory.cpp">
      <Filter>x32\jni\libs\Substrate</Filter>
    </ClCompile>
    <ClCompile Include="Decrypt\aes.cpp">
      <Filter>Decrypt</Filter>
    </ClCompile>
    <ClCompile Include="Reflection\ReflectionBuilder.cpp">
      <Filter>Reflection</Filter>
    </ClCompile>
    <ClCompile Include="Sexy\RtClass.cpp">
      <Filter>Sexy</Filter>
    </ClCompile>
    <ClCompile Include="PvZ2\LevelModuleManager.cpp">
      <Filter>PvZ2</Filter>
    </ClCompile>
    <ClCompile Include="Customize\Projectile\GridItemRaiserProjectileProps.cpp">
      <Filter>Customize\Projectile</Filter>
    </ClCompile>
  </ItemGroup>
  <ItemGroup>
    <ClInclude Include="RestructedLogic_ARM32_.h" />
    <ClInclude Include="pch.h" />
    <ClInclude Include="Logging.h" />
    <ClInclude Include="SexyTypes.h" />
    <ClInclude Include="memUtils.h" />
    <ClInclude Include="x32\jni\include\Utils.h">
      <Filter>x32\jni\include</Filter>
    </ClInclude>
    <ClInclude Include="x32\jni\libs\KittyMemory\KittyMemory.h">
      <Filter>x32\jni\libs\KittyMemory</Filter>
    </ClInclude>
    <ClInclude Include="x32\jni\libs\KittyMemory\MemoryPatch.h">
      <Filter>x32\jni\libs\KittyMemory</Filter>
    </ClInclude>
    <ClInclude Include="x32\jni\libs\GlossHook\Gloss.h">
      <Filter>x32\jni\libs\GlossHook</Filter>
    </ClInclude>
    <ClInclude Include="x32\jni\libs\Substrate\SubstrateARM.hpp">
      <Filter>x32\jni\libs\Substrate</Filter>
    </ClInclude>
    <ClInclude Include="x32\jni\libs\Substrate\SubstrateDebug.hpp">
      <Filter>x32\jni\libs\Substrate</Filter>
    </ClInclude>
    <ClInclude Include="x32\jni\libs\Substrate\SubstrateHook.h">
      <Filter>x32\jni\libs\Substrate</Filter>
    </ClInclude>
    <ClInclude Include="x32\jni\libs\Substrate\SubstrateLog.hpp">
      <Filter>x32\jni\libs\Substrate</Filter>
    </ClInclude>
    <ClInclude Include="x32\jni\libs\Substrate\SubstrateX86.hpp">
      <Filter>x32\jni\libs\Substrate</Filter>
    </ClInclude>
    <ClInclude Include="x32\jni\libs\Substrate\table64.h">
      <Filter>x32\jni\libs\Substrate</Filter>
    </ClInclude>
    <ClInclude Include="x32\jni\libs\Substrate\Buffer.hpp">
      <Filter>x32\jni\libs\Substrate</Filter>
    </ClInclude>
    <ClInclude Include="x32\jni\libs\Substrate\CydiaSubstrate.h">
      <Filter>x32\jni\libs\Substrate</Filter>
    </ClInclude>
    <ClInclude Include="VersionAddresses.h" />
    <ClInclude Include="PvZ2\Board.h">
      <Filter>PvZ2</Filter>
    </ClInclude>
    <ClInclude Include="PvZ2\WorldMap.h">
      <Filter>PvZ2</Filter>
    </ClInclude>
    <ClInclude Include="Decrypt\aes.h">
      <Filter>Decrypt</Filter>
    </ClInclude>
    <ClInclude Include="Decrypt\picosha2.h">
      <Filter>Decrypt</Filter>
    </ClInclude>
    <ClInclude Include="Reflection\CRefManualSymbolBuilder.h">
      <Filter>Reflection</Filter>
    </ClInclude>
    <ClInclude Include="Reflection\RClass.h">
      <Filter>Reflection</Filter>
    </ClInclude>
    <ClInclude Include="Reflection\RClassRef.h">
      <Filter>Reflection</Filter>
    </ClInclude>
    <ClInclude Include="Reflection\ReflectionBuilder.h">
      <Filter>Reflection</Filter>
    </ClInclude>
    <ClInclude Include="Reflection\ReflectionFieldType.h">
      <Filter>Reflection</Filter>
    </ClInclude>
    <ClInclude Include="Reflection\RField.h">
      <Filter>Reflection</Filter>
    </ClInclude>
    <ClInclude Include="Reflection\RSimpleType.h">
      <Filter>Reflection</Filter>
    </ClInclude>
    <ClInclude Include="Reflection\RSymbol.h">
      <Filter>Reflection</Filter>
    </ClInclude>
    <ClInclude Include="Reflection\RType.h">
      <Filter>Reflection</Filter>
    </ClInclude>
    <ClInclude Include="Reflection\RCustomType\TStdVectorManipulator.h">
      <Filter>Reflection\RCustomType</Filter>
    </ClInclude>
    <ClInclude Include="Sexy\Color.h">
      <Filter>Sexy</Filter>
    </ClInclude>
    <ClInclude Include="Sexy\DelegateBase.h">
      <Filter>Sexy</Filter>
    </ClInclude>
    <ClInclude Include="Sexy\RtClass.h">
      <Filter>Sexy</Filter>
    </ClInclude>
    <ClInclude Include="Sexy\RtObject.h">
      <Filter>Sexy</Filter>
    </ClInclude>
    <ClInclude Include="Sexy\RtWeakPtr.h">
      <Filter>Sexy</Filter>
    </ClInclude>
    <ClInclude Include="PvZ2\AttachedEffectManager.h">
      <Filter>PvZ2</Filter>
    </ClInclude>
    <ClInclude Include="PvZ2\BoardEntity.h">
      <Filter>PvZ2</Filter>
    </ClInclude>
    <ClInclude Include="PvZ2\CollisionTypeFlags.h">
      <Filter>PvZ2</Filter>
    </ClInclude>
    <ClInclude Include="PvZ2\Component.h">
      <Filter>PvZ2</Filter>
    </ClInclude>
    <ClInclude Include="PvZ2\DamageInfo.h">
      <Filter>PvZ2</Filter>
    </ClInclude>
    <ClInclude Include="PvZ2\DamageTypeFlags.h">
      <Filter>PvZ2</Filter>
    </ClInclude>
    <ClInclude Include="PvZ2\EntityConditions.h">
      <Filter>PvZ2</Filter>
    </ClInclude>
    <ClInclude Include="PvZ2\GameObject.h">
      <Filter>PvZ2</Filter>
    </ClInclude>
    <ClInclude Include="PvZ2\GridItem.h">
      <Filter>PvZ2</Filter>
    </ClInclude>
    <ClInclude Include="PvZ2\GridItemPropertySheet.h">
      <Filter>PvZ2</Filter>
    </ClInclude>
    <ClInclude Include="PvZ2\ModularRealObject.h">
      <Filter>PvZ2</Filter>
    </ClInclude>
    <ClInclude Include="PvZ2\ObjectTypeDescriptor.h">
      <Filter>PvZ2</Filter>
    </ClInclude>
    <ClInclude Include="PvZ2\Projectile.h">
      <Filter>PvZ2</Filter>
    </ClInclude>
    <ClInclude Include="PvZ2\ProjectilePropertySheet.h">
      <Filter>PvZ2</Filter>
    </ClInclude>
    <ClInclude Include="PvZ2\PropertySheetBase.h">
      <Filter>PvZ2</Filter>
    </ClInclude>
    <ClInclude Include="PvZ2\RealObject.h">
      <Filter>PvZ2</Filter>
    </ClInclude>
    <ClInclude Include="PvZ2\StringRestrictionSet.h">
      <Filter>PvZ2</Filter>
    </ClInclude>
    <ClInclude Include="PvZ2\ZombieConditions.h">
      <Filter>PvZ2</Filter>
    </ClInclude>
    <ClInclude Include="Sexy\Graphics.h">
      <Filter>Sexy</Filter>
    </ClInclude>
    <ClInclude Include="PvZ2\LevelDefinition.h">
      <Filter>PvZ2</Filter>
    </ClInclude>
    <ClInclude Include="PvZ2\LevelModule.h">
      <Filter>PvZ2</Filter>
    </ClInclude>
    <ClInclude Include="PvZ2\LevelModuleProperties.h">
      <Filter>PvZ2</Filter>
    </ClInclude>
    <ClInclude Include="PvZ2\Plant.h">
      <Filter>PvZ2</Filter>
    </ClInclude>
    <ClInclude Include="PvZ2\PlantAction.h">
      <Filter>PvZ2</Filter>
    </ClInclude>
    <ClInclude Include="PvZ2\PlantFramework.h">
      <Filter>PvZ2</Filter>
    </ClInclude>
    <ClInclude Include="PvZ2\PlantPropertySheet.h">
      <Filter>PvZ2</Filter>
    </ClInclude>
    <ClInclude Include="PvZ2\StageModuleProperties.h">
      <Filter>PvZ2</Filter>
    </ClInclude>
    <ClInclude Include="PvZ2\Zombie.h">
      <Filter>PvZ2</Filter>
    </ClInclude>
    <ClInclude Include="PvZ2\ZombiePropertySheet.h">
      <Filter>PvZ2</Filter>
    </ClInclude>
    <ClInclude Include="PvZ2\ZombieType.h">
      <Filter>PvZ2</Filter>
    </ClInclude>
    <ClInclude Include="PvZ2\LevelModuleManager.h">
      <Filter>PvZ2</Filter>
    </ClInclude>
    <ClInclude Include="Sexy\Event.h">
      <Filter>Sexy</Filter>
    </ClInclude>
    <ClInclude Include="Customize\Projectile\GridItemRaiserProjectileProps.h">
      <Filter>Customize\Projectile</Filter>
    </ClInclude>
    <ClInclude Include="VersionRtonIDs.h" />
  </ItemGroup>
  <ItemGroup>
    <Filter Include="x32">
      <UniqueIdentifier>{77b63282-9355-4302-a35f-e1824b453785}</UniqueIdentifier>
    </Filter>
    <Filter Include="x32\jni">
      <UniqueIdentifier>{f188bea8-a458-49cc-942e-047eeebcdcf1}</UniqueIdentifier>
    </Filter>
    <Filter Include="x32\jni\include">
      <UniqueIdentifier>{27f5689c-c622-49f9-98e4-86e253fc47ab}</UniqueIdentifier>
    </Filter>
    <Filter Include="x32\jni\libs">
      <UniqueIdentifier>{fe2812bf-0abe-4809-b8fc-ce277db94861}</UniqueIdentifier>
    </Filter>
    <Filter Include="x32\jni\src">
      <UniqueIdentifier>{da7f11f2-9f9e-43a6-b4cc-9f1dfe7fa87d}</UniqueIdentifier>
    </Filter>
    <Filter Include="x32\jni\libs\GlossHook">
      <UniqueIdentifier>{99f36ce4-e30e-45cc-aa32-6b6a3b3fc7db}</UniqueIdentifier>
    </Filter>
    <Filter Include="x32\jni\libs\KittyMemory">
      <UniqueIdentifier>{708442f0-a5d0-4617-9fe5-403d9aee4ca1}</UniqueIdentifier>
    </Filter>
    <Filter Include="x32\jni\src\GlossHookExample">
      <UniqueIdentifier>{f746f90d-acea-45ad-81e3-b39b54136103}</UniqueIdentifier>
    </Filter>
    <Filter Include="x32\jni\libs\Substrate">
      <UniqueIdentifier>{52a29c16-48a9-497e-b0cc-8759b52af820}</UniqueIdentifier>
    </Filter>
    <Filter Include="PvZ2">
      <UniqueIdentifier>{549f96a4-7f45-4185-8ccb-42938f2d78e8}</UniqueIdentifier>
    </Filter>
    <Filter Include="Decrypt">
      <UniqueIdentifier>{998aadfa-bdd8-47a4-9248-7affc34d4eae}</UniqueIdentifier>
    </Filter>
    <Filter Include="Sexy">
      <UniqueIdentifier>{5d3c7b3d-0e5c-41e0-a7c0-e8519ce2236d}</UniqueIdentifier>
    </Filter>
    <Filter Include="Reflection">
      <UniqueIdentifier>{efbe67f1-e95e-4e86-aa12-ed2e31a853e5}</UniqueIdentifier>
    </Filter>
    <Filter Include="Reflection\RCustomType">
      <UniqueIdentifier>{e464cd03-6610-4d4a-808b-66a066dd8300}</UniqueIdentifier>
    </Filter>
    <Filter Include="Customize">
      <UniqueIdentifier>{4a8fa872-2183-4469-98fd-e9abd2a97ff8}</UniqueIdentifier>
    </Filter>
    <Filter Include="Customize\Projectile">
      <UniqueIdentifier>{cf0721f2-84bd-417b-8b62-a387f6fa8be5}</UniqueIdentifier>
    </Filter>
  </ItemGroup>
</Project>